
Microsoft Visual Studio Solution File, Format Version 12.00
# Visual Studio Version 17
VisualStudioVersion = 17.3.32819.101
MinimumVisualStudioVersion = 10.0.40219.1
Project("{FAE04EC0-301F-11D3-BF4B-00C04F79EFBC}") = "HangMan", "HangMan\HangMan.csproj", "{30FDD16D-D21C-4FA6-903B-8F1A0C152462}"
EndProject
Global
	GlobalSection(SolutionConfigurationPlatforms) = preSolution
		Debug|Any CPU = Debug|Any CPU
		Release|Any CPU = Release|Any CPU
	EndGlobalSection
	GlobalSection(ProjectConfigurationPlatforms) = postSolution
		{30FDD16D-D21C-4FA6-903B-8F1A0C152462}.Debug|Any CPU.ActiveCfg = Debug|Any CPU
		{30FDD16D-D21C-4FA6-903B-8F1A0C152462}.Debug|Any CPU.Build.0 = Debug|Any CPU
		{30FDD16D-D21C-4FA6-903B-8F1A0C152462}.Release|Any CPU.ActiveCfg = Release|Any CPU
		{30FDD16D-D21C-4FA6-903B-8F1A0C152462}.Release|Any CPU.Build.0 = Release|Any CPU
	EndGlobalSection
	GlobalSection(SolutionProperties) = preSolution
		HideSolutionNode = FALSE
	EndGlobalSection
	GlobalSection(ExtensibilityGlobals) = postSolution
		SolutionGuid = {510D2C90-CC27-4088-92F3-1B0BA66846E5}
	EndGlobalSection
EndGlobal
